
Microsoft Visual Studio Solution File, Format Version 12.00
# Visual Studio Version 16
VisualStudioVersion = 16.0.30717.126
MinimumVisualStudioVersion = 10.0.40219.1
Project("{9A19103F-16F7-4668-BE54-9A1E7A4F7556}") = "PetCinemaPL", "PetCinema\PetCinemaPL.csproj", "{D66C0776-A7BE-4380-8305-A343263D4B19}"
EndProject
Project("{9A19103F-16F7-4668-BE54-9A1E7A4F7556}") = "PetCinemaBLL", "PetCinemaBLL\PetCinemaBLL.csproj", "{80F5071C-C85E-4263-BF36-8972029DB57B}"
EndProject
Project("{9A19103F-16F7-4668-BE54-9A1E7A4F7556}") = "PetCinemaDAL", "PetCinemaDAL\PetCinemaDAL.csproj", "{AE37FDBB-08B7-48E4-8159-1FB9612EA744}"
EndProject
Project("{FAE04EC0-301F-11D3-BF4B-00C04F79EFBC}") = "AspNetCoreIdentityPL", "AspNetCoreIdentityPL\AspNetCoreIdentityPL.csproj", "{27684182-0983-4E4B-A03F-2F24B4518364}"
	ProjectSection(ProjectDependencies) = postProject
		{BA4AEDE8-B386-4912-B19B-A634B328466B} = {BA4AEDE8-B386-4912-B19B-A634B328466B}
	EndProjectSection
EndProject
Project("{FAE04EC0-301F-11D3-BF4B-00C04F79EFBC}") = "AspNetCoreIdentityBLL", "AspNetCoreIdentityBLL\AspNetCoreIdentityBLL.csproj", "{BA4AEDE8-B386-4912-B19B-A634B328466B}"
	ProjectSection(ProjectDependencies) = postProject
		{AE37FDBB-08B7-48E4-8159-1FB9612EA744} = {AE37FDBB-08B7-48E4-8159-1FB9612EA744}
	EndProjectSection
EndProject
Project("{FAE04EC0-301F-11D3-BF4B-00C04F79EFBC}") = "AspNetCoreIdentityDAL", "AspNetCoreIdentityDAL\AspNetCoreIdentityDAL.csproj", "{5E1DDF8C-2AAB-4440-A3AB-00362F5FBFEF}"
EndProject
Global
	GlobalSection(SolutionConfigurationPlatforms) = preSolution
		Debug|Any CPU = Debug|Any CPU
		Release|Any CPU = Release|Any CPU
	EndGlobalSection
	GlobalSection(ProjectConfigurationPlatforms) = postSolution
		{D66C0776-A7BE-4380-8305-A343263D4B19}.Debug|Any CPU.ActiveCfg = Debug|Any CPU
		{D66C0776-A7BE-4380-8305-A343263D4B19}.Debug|Any CPU.Build.0 = Debug|Any CPU
		{D66C0776-A7BE-4380-8305-A343263D4B19}.Release|Any CPU.ActiveCfg = Release|Any CPU
		{D66C0776-A7BE-4380-8305-A343263D4B19}.Release|Any CPU.Build.0 = Release|Any CPU
		{80F5071C-C85E-4263-BF36-8972029DB57B}.Debug|Any CPU.ActiveCfg = Debug|Any CPU
		{80F5071C-C85E-4263-BF36-8972029DB57B}.Debug|Any CPU.Build.0 = Debug|Any CPU
		{80F5071C-C85E-4263-BF36-8972029DB57B}.Release|Any CPU.ActiveCfg = Release|Any CPU
		{80F5071C-C85E-4263-BF36-8972029DB57B}.Release|Any CPU.Build.0 = Release|Any CPU
		{AE37FDBB-08B7-48E4-8159-1FB9612EA744}.Debug|Any CPU.ActiveCfg = Debug|Any CPU
		{AE37FDBB-08B7-48E4-8159-1FB9612EA744}.Debug|Any CPU.Build.0 = Debug|Any CPU
		{AE37FDBB-08B7-48E4-8159-1FB9612EA744}.Release|Any CPU.ActiveCfg = Release|Any CPU
		{AE37FDBB-08B7-48E4-8159-1FB9612EA744}.Release|Any CPU.Build.0 = Release|Any CPU
		{27684182-0983-4E4B-A03F-2F24B4518364}.Debug|Any CPU.ActiveCfg = Debug|Any CPU
		{27684182-0983-4E4B-A03F-2F24B4518364}.Debug|Any CPU.Build.0 = Debug|Any CPU
		{27684182-0983-4E4B-A03F-2F24B4518364}.Release|Any CPU.ActiveCfg = Release|Any CPU
		{27684182-0983-4E4B-A03F-2F24B4518364}.Release|Any CPU.Build.0 = Release|Any CPU
		{BA4AEDE8-B386-4912-B19B-A634B328466B}.Debug|Any CPU.ActiveCfg = Debug|Any CPU
		{BA4AEDE8-B386-4912-B19B-A634B328466B}.Debug|Any CPU.Build.0 = Debug|Any CPU
		{BA4AEDE8-B386-4912-B19B-A634B328466B}.Release|Any CPU.ActiveCfg = Release|Any CPU
		{BA4AEDE8-B386-4912-B19B-A634B328466B}.Release|Any CPU.Build.0 = Release|Any CPU
		{5E1DDF8C-2AAB-4440-A3AB-00362F5FBFEF}.Debug|Any CPU.ActiveCfg = Debug|Any CPU
		{5E1DDF8C-2AAB-4440-A3AB-00362F5FBFEF}.Debug|Any CPU.Build.0 = Debug|Any CPU
		{5E1DDF8C-2AAB-4440-A3AB-00362F5FBFEF}.Release|Any CPU.ActiveCfg = Release|Any CPU
		{5E1DDF8C-2AAB-4440-A3AB-00362F5FBFEF}.Release|Any CPU.Build.0 = Release|Any CPU
	EndGlobalSection
	GlobalSection(SolutionProperties) = preSolution
		HideSolutionNode = FALSE
	EndGlobalSection
	GlobalSection(ExtensibilityGlobals) = postSolution
		SolutionGuid = {B3493ABF-8129-4FEE-A7D6-3DDD151C8995}
	EndGlobalSection
EndGlobal
